# THIS IS AN AUTOGENERATED FILE. DO NOT EDIT THIS FILE DIRECTLY.
# yarn lockfile v1


"@carpages/react-native-root-siblings@1.2.2-0":
  version "1.2.2-0"
  resolved "https://registry.yarnpkg.com/@carpages/react-native-root-siblings/-/react-native-root-siblings-1.2.2-0.tgz#6822cc21473cdece771a1ed23e9878dbf74a87f0"
  dependencies:
    static-container "^1.0.0"
    wolfy87-eventemitter "^5.2.3"

static-container@^1.0.0:
  version "1.2.0"
  resolved "https://registry.yarnpkg.com/static-container/-/static-container-1.2.0.tgz#1c6e92b869da47d32abe47f45f50bf39661d9c2f"

wolfy87-eventemitter@^5.2.3:
  version "5.2.3"
  resolved "https://registry.yarnpkg.com/wolfy87-eventemitter/-/wolfy87-eventemitter-5.2.3.tgz#e09979b4e7d8d5256e3a25e811529ba143115568"
